
Microsoft Visual Studio Solution File, Format Version 12.00
# Visual Studio 15
VisualStudioVersion = 15.0.27130.2024
MinimumVisualStudioVersion = 10.0.40219.1
Project("{8BC9CEB8-8B4A-11D0-8D11-00A0C91BC942}") = "lootgame", "lootgame\lootgame.vcxproj", "{F4B756C7-B4F5-4D27-B18E-50D3EFF55DA4}"
EndProject
Project("{8BC9CEB8-8B4A-11D0-8D11-00A0C91BC942}") = "lgimgui", "lgimgui\lgimgui.vcxproj", "{3E7F7F20-E0FC-4F6A-9BA6-ABA10FB743F9}"
EndProject
Project("{8BC9CEB8-8B4A-11D0-8D11-00A0C91BC942}") = "example", "example\example.vcxproj", "{A3642522-B57A-4B9B-8D7F-9F93025D2A77}"
EndProject
Project("{8BC9CEB8-8B4A-11D0-8D11-00A0C91BC942}") = "lgrecast", "lgrecast\lgrecast.vcxproj", "{9941DC22-708F-430E-A7CD-7878A7CE5174}"
EndProject
Project("{8BC9CEB8-8B4A-11D0-8D11-00A0C91BC942}") = "lgdetour", "lgdetour\lgdetour.vcxproj", "{FD3521A1-65C0-4EC8-86A6-BDA322E0C4C1}"
EndProject
Project("{8BC9CEB8-8B4A-11D0-8D11-00A0C91BC942}") = "chroncles", "chroncles\chroncles.vcxproj", "{5B1EC5F9-1467-4471-B99C-3CF562354A50}"
EndProject
Global
	GlobalSection(SolutionConfigurationPlatforms) = preSolution
		Debug|x64 = Debug|x64
		Debug|x86 = Debug|x86
		Release|x64 = Release|x64
		Release|x86 = Release|x86
	EndGlobalSection
	GlobalSection(ProjectConfigurationPlatforms) = postSolution
		{F4B756C7-B4F5-4D27-B18E-50D3EFF55DA4}.Debug|x64.ActiveCfg = Debug|x64
		{F4B756C7-B4F5-4D27-B18E-50D3EFF55DA4}.Debug|x64.Build.0 = Debug|x64
		{F4B756C7-B4F5-4D27-B18E-50D3EFF55DA4}.Debug|x86.ActiveCfg = Debug|Win32
		{F4B756C7-B4F5-4D27-B18E-50D3EFF55DA4}.Debug|x86.Build.0 = Debug|Win32
		{F4B756C7-B4F5-4D27-B18E-50D3EFF55DA4}.Release|x64.ActiveCfg = Release|x64
		{F4B756C7-B4F5-4D27-B18E-50D3EFF55DA4}.Release|x64.Build.0 = Release|x64
		{F4B756C7-B4F5-4D27-B18E-50D3EFF55DA4}.Release|x86.ActiveCfg = Release|Win32
		{F4B756C7-B4F5-4D27-B18E-50D3EFF55DA4}.Release|x86.Build.0 = Release|Win32
		{3E7F7F20-E0FC-4F6A-9BA6-ABA10FB743F9}.Debug|x64.ActiveCfg = Debug|x64
		{3E7F7F20-E0FC-4F6A-9BA6-ABA10FB743F9}.Debug|x64.Build.0 = Debug|x64
		{3E7F7F20-E0FC-4F6A-9BA6-ABA10FB743F9}.Debug|x86.ActiveCfg = Debug|Win32
		{3E7F7F20-E0FC-4F6A-9BA6-ABA10FB743F9}.Debug|x86.Build.0 = Debug|Win32
		{3E7F7F20-E0FC-4F6A-9BA6-ABA10FB743F9}.Release|x64.ActiveCfg = Release|x64
		{3E7F7F20-E0FC-4F6A-9BA6-ABA10FB743F9}.Release|x64.Build.0 = Release|x64
		{3E7F7F20-E0FC-4F6A-9BA6-ABA10FB743F9}.Release|x86.ActiveCfg = Release|Win32
		{3E7F7F20-E0FC-4F6A-9BA6-ABA10FB743F9}.Release|x86.Build.0 = Release|Win32
		{A3642522-B57A-4B9B-8D7F-9F93025D2A77}.Debug|x64.ActiveCfg = Debug|x64
		{A3642522-B57A-4B9B-8D7F-9F93025D2A77}.Debug|x64.Build.0 = Debug|x64
		{A3642522-B57A-4B9B-8D7F-9F93025D2A77}.Debug|x86.ActiveCfg = Debug|Win32
		{A3642522-B57A-4B9B-8D7F-9F93025D2A77}.Debug|x86.Build.0 = Debug|Win32
		{A3642522-B57A-4B9B-8D7F-9F93025D2A77}.Release|x64.ActiveCfg = Release|x64
		{A3642522-B57A-4B9B-8D7F-9F93025D2A77}.Release|x64.Build.0 = Release|x64
		{A3642522-B57A-4B9B-8D7F-9F93025D2A77}.Release|x86.ActiveCfg = Release|Win32
		{A3642522-B57A-4B9B-8D7F-9F93025D2A77}.Release|x86.Build.0 = Release|Win32
		{9941DC22-708F-430E-A7CD-7878A7CE5174}.Debug|x64.ActiveCfg = Debug|x64
		{9941DC22-708F-430E-A7CD-7878A7CE5174}.Debug|x64.Build.0 = Debug|x64
		{9941DC22-708F-430E-A7CD-7878A7CE5174}.Debug|x86.ActiveCfg = Debug|Win32
		{9941DC22-708F-430E-A7CD-7878A7CE5174}.Debug|x86.Build.0 = Debug|Win32
		{9941DC22-708F-430E-A7CD-7878A7CE5174}.Release|x64.ActiveCfg = Release|x64
		{9941DC22-708F-430E-A7CD-7878A7CE5174}.Release|x64.Build.0 = Release|x64
		{9941DC22-708F-430E-A7CD-7878A7CE5174}.Release|x86.ActiveCfg = Release|Win32
		{9941DC22-708F-430E-A7CD-7878A7CE5174}.Release|x86.Build.0 = Release|Win32
		{FD3521A1-65C0-4EC8-86A6-BDA322E0C4C1}.Debug|x64.ActiveCfg = Debug|x64
		{FD3521A1-65C0-4EC8-86A6-BDA322E0C4C1}.Debug|x64.Build.0 = Debug|x64
		{FD3521A1-65C0-4EC8-86A6-BDA322E0C4C1}.Debug|x86.ActiveCfg = Debug|Win32
		{FD3521A1-65C0-4EC8-86A6-BDA322E0C4C1}.Debug|x86.Build.0 = Debug|Win32
		{FD3521A1-65C0-4EC8-86A6-BDA322E0C4C1}.Release|x64.ActiveCfg = Release|x64
		{FD3521A1-65C0-4EC8-86A6-BDA322E0C4C1}.Release|x64.Build.0 = Release|x64
		{FD3521A1-65C0-4EC8-86A6-BDA322E0C4C1}.Release|x86.ActiveCfg = Release|Win32
		{FD3521A1-65C0-4EC8-86A6-BDA322E0C4C1}.Release|x86.Build.0 = Release|Win32
		{5B1EC5F9-1467-4471-B99C-3CF562354A50}.Debug|x64.ActiveCfg = Debug|x64
		{5B1EC5F9-1467-4471-B99C-3CF562354A50}.Debug|x64.Build.0 = Debug|x64
		{5B1EC5F9-1467-4471-B99C-3CF562354A50}.Debug|x86.ActiveCfg = Debug|Win32
		{5B1EC5F9-1467-4471-B99C-3CF562354A50}.Debug|x86.Build.0 = Debug|Win32
		{5B1EC5F9-1467-4471-B99C-3CF562354A50}.Release|x64.ActiveCfg = Release|x64
		{5B1EC5F9-1467-4471-B99C-3CF562354A50}.Release|x64.Build.0 = Release|x64
		{5B1EC5F9-1467-4471-B99C-3CF562354A50}.Release|x86.ActiveCfg = Release|Win32
		{5B1EC5F9-1467-4471-B99C-3CF562354A50}.Release|x86.Build.0 = Release|Win32
	EndGlobalSection
	GlobalSection(SolutionProperties) = preSolution
		HideSolutionNode = FALSE
	EndGlobalSection
	GlobalSection(ExtensibilityGlobals) = postSolution
		SolutionGuid = {C6FBE6F6-033E-459C-9AE9-B0F297AB1250}
	EndGlobalSection
EndGlobal
