<?xml version="1.0" encoding="utf-8"?>
<Project ToolsVersion="4.0" xmlns="http://schemas.microsoft.com/developer/msbuild/2003">
  <ItemGroup>
    <Filter Include="Source Files">
      <UniqueIdentifier>{4FC737F1-C7A5-4376-A066-2A32D752A2FF}</UniqueIdentifier>
      <Extensions>cpp;c;cc;cxx;def;odl;idl;hpj;bat;asm;asmx</Extensions>
    </Filter>
    <Filter Include="Header Files">
      <UniqueIdentifier>{93995380-89BD-4b04-88EB-625FBE52EBFB}</UniqueIdentifier>
      <Extensions>h;hh;hpp;hxx;hm;inl;inc;ipp;xsd</Extensions>
    </Filter>
    <Filter Include="Resource Files">
      <UniqueIdentifier>{67DA6AB6-F800-4c08-8B7A-83BB121AAD01}</UniqueIdentifier>
      <Extensions>rc;ico;cur;bmp;dlg;rc2;rct;bin;rgs;gif;jpg;jpeg;jpe;resx;tiff;tif;png;wav;mfcribbon-ms</Extensions>
    </Filter>
    <Filter Include="Resource Files\assets">
      <UniqueIdentifier>{f7507e65-424d-4727-8093-d3d6b5440c1e}</UniqueIdentifier>
    </Filter>
    <Filter Include="Vex Templates">
      <UniqueIdentifier>{dd24c97b-a9ee-40f7-8522-ad7c49e69749}</UniqueIdentifier>
    </Filter>
    <Filter Include="Precompiled">
      <UniqueIdentifier>{b390d721-f03e-423d-8fea-974919ed2fc8}</UniqueIdentifier>
    </Filter>
    <Filter Include="Generated">
      <UniqueIdentifier>{fe6c77bd-ee3c-4380-9069-bdde18ad45e7}</UniqueIdentifier>
    </Filter>
  </ItemGroup>
  <ItemGroup>
    <ClCompile Include="main.cpp">
      <Filter>Source Files</Filter>
    </ClCompile>
    <ClCompile Include="app.cpp">
      <Filter>Source Files</Filter>
    </ClCompile>
    <ClCompile Include="assetgen.cpp">
      <Filter>Source Files</Filter>
    </ClCompile>
    <ClCompile Include="assets.cpp">
      <Filter>Source Files</Filter>
    </ClCompile>
    <ClCompile Include="colors.cpp">
      <Filter>Source Files</Filter>
    </ClCompile>
    <ClCompile Include="coords.cpp">
      <Filter>Source Files</Filter>
    </ClCompile>
    <ClCompile Include="game.cpp">
      <Filter>Source Files</Filter>
    </ClCompile>
    <ClCompile Include="game_draw.cpp">
      <Filter>Source Files</Filter>
    </ClCompile>
    <ClCompile Include="implementations.cpp">
      <Filter>Source Files</Filter>
    </ClCompile>
    <ClCompile Include="input.cpp">
      <Filter>Source Files</Filter>
    </ClCompile>
    <ClCompile Include="lpp.cpp">
      <Filter>Source Files</Filter>
    </ClCompile>
    <ClCompile Include="math.cpp">
      <Filter>Source Files</Filter>
    </ClCompile>
    <ClCompile Include="natsort.cpp">
      <Filter>Source Files</Filter>
    </ClCompile>
    <ClCompile Include="reflectgen.cpp">
      <Filter>Source Files</Filter>
    </ClCompile>
    <ClCompile Include="reflection.cpp">
      <Filter>Source Files</Filter>
    </ClCompile>
    <ClCompile Include="render.cpp">
      <Filter>Source Files</Filter>
    </ClCompile>
    <ClCompile Include="scf.cpp">
      <Filter>Source Files</Filter>
    </ClCompile>
    <ClCompile Include="stringformat.cpp">
      <Filter>Source Files</Filter>
    </ClCompile>
    <ClCompile Include="symbol.cpp">
      <Filter>Source Files</Filter>
    </ClCompile>
    <ClCompile Include="ui.cpp">
      <Filter>Source Files</Filter>
    </ClCompile>
    <ClCompile Include="ui_reflection.cpp">
      <Filter>Source Files</Filter>
    </ClCompile>
    <ClCompile Include="ui_viewer.cpp">
      <Filter>Source Files</Filter>
    </ClCompile>
    <ClCompile Include="vex.cpp">
      <Filter>Source Files</Filter>
    </ClCompile>
    <ClCompile Include="win.cpp">
      <Filter>Source Files</Filter>
    </ClCompile>
    <ClCompile Include="..\imgui\examples\imgui_impl_opengl3.cpp">
      <Filter>Source Files</Filter>
    </ClCompile>
    <ClCompile Include="..\imgui\examples\imgui_impl_sdl.cpp">
      <Filter>Source Files</Filter>
    </ClCompile>
    <ClCompile Include="stdafx.cpp">
      <Filter>Precompiled</Filter>
    </ClCompile>
  </ItemGroup>
  <ItemGroup>
    <ClInclude Include="app.h">
      <Filter>Header Files</Filter>
    </ClInclude>
    <ClInclude Include="array.h">
      <Filter>Header Files</Filter>
    </ClInclude>
    <ClInclude Include="coords.h">
      <Filter>Header Files</Filter>
    </ClInclude>
    <ClInclude Include="custom_ui_renders.h">
      <Filter>Header Files</Filter>
    </ClInclude>
    <ClInclude Include="defs.h">
      <Filter>Header Files</Filter>
    </ClInclude>
    <ClInclude Include="fsys.h">
      <Filter>Header Files</Filter>
    </ClInclude>
    <ClInclude Include="game.h">
      <Filter>Header Files</Filter>
    </ClInclude>
    <ClInclude Include="IconsFontAwesome.h">
      <Filter>Header Files</Filter>
    </ClInclude>
    <ClInclude Include="input.h">
      <Filter>Header Files</Filter>
    </ClInclude>
    <ClInclude Include="lpp.h">
      <Filter>Header Files</Filter>
    </ClInclude>
    <ClInclude Include="math.h">
      <Filter>Header Files</Filter>
    </ClInclude>
    <ClInclude Include="parser.h">
      <Filter>Header Files</Filter>
    </ClInclude>
    <ClInclude Include="reflection.h">
      <Filter>Header Files</Filter>
    </ClInclude>
    <ClInclude Include="render.h">
      <Filter>Header Files</Filter>
    </ClInclude>
    <ClInclude Include="scf.h">
      <Filter>Header Files</Filter>
    </ClInclude>
    <ClInclude Include="ui.h">
      <Filter>Header Files</Filter>
    </ClInclude>
    <ClInclude Include="vex.h">
      <Filter>Header Files</Filter>
    </ClInclude>
    <ClInclude Include="win.h">
      <Filter>Header Files</Filter>
    </ClInclude>
    <ClInclude Include="..\imgui\examples\imgui_impl_opengl3.h">
      <Filter>Header Files</Filter>
    </ClInclude>
    <ClInclude Include="..\imgui\examples\imgui_impl_sdl.h">
      <Filter>Header Files</Filter>
    </ClInclude>
    <ClInclude Include="stdafx.h">
      <Filter>Precompiled</Filter>
    </ClInclude>
    <ClInclude Include="reflection_gen.h">
      <Filter>Generated</Filter>
    </ClInclude>
    <ClInclude Include="assets_gen.h">
      <Filter>Generated</Filter>
    </ClInclude>
  </ItemGroup>
  <ItemGroup>
    <None Include="reflection_gen.h.temp">
      <Filter>Vex Templates</Filter>
    </None>
    <None Include="reflection_gen.temp">
      <Filter>Vex Templates</Filter>
    </None>
    <None Include="reflection_gen_file.temp">
      <Filter>Vex Templates</Filter>
    </None>
    <None Include="assets_gen.temp">
      <Filter>Vex Templates</Filter>
    </None>
    <None Include="assets_gen.h.temp">
      <Filter>Vex Templates</Filter>
    </None>
    <None Include="config.ini">
      <Filter>Resource Files</Filter>
    </None>
    <None Include="uniforms.x">
      <Filter>Header Files</Filter>
    </None>
    <None Include="assets\fragment.glsl">
      <Filter>Resource Files\assets</Filter>
    </None>
    <None Include="assets\vertex.glsl">
      <Filter>Resource Files\assets</Filter>
    </None>
    <None Include="reflection_gen.inl">
      <Filter>Generated</Filter>
    </None>
    <None Include="main_reflection_gen.inl">
      <Filter>Generated</Filter>
    </None>
    <None Include="app_reflection_gen.inl">
      <Filter>Generated</Filter>
    </None>
    <None Include="assets_gen.inl">
      <Filter>Generated</Filter>
    </None>
  </ItemGroup>
  <ItemGroup>
    <Natvis Include="chroncles.natvis" />
  </ItemGroup>
  <ItemGroup>
    <Text Include="assets\gamecontrollerdb.txt">
      <Filter>Resource Files\assets</Filter>
    </Text>
  </ItemGroup>
</Project>