<?xml version="1.0" encoding="utf-8"?>
<Project ToolsVersion="4.0" xmlns="http://schemas.microsoft.com/developer/msbuild/2003">
  <ItemGroup>
    <Filter Include="Source Files">
      <UniqueIdentifier>{4FC737F1-C7A5-4376-A066-2A32D752A2FF}</UniqueIdentifier>
      <Extensions>cpp;c;cc;cxx;def;odl;idl;hpj;bat;asm;asmx</Extensions>
    </Filter>
    <Filter Include="Header Files">
      <UniqueIdentifier>{93995380-89BD-4b04-88EB-625FBE52EBFB}</UniqueIdentifier>
      <Extensions>h;hh;hpp;hxx;hm;inl;inc;xsd</Extensions>
    </Filter>
    <Filter Include="Resource Files">
      <UniqueIdentifier>{67DA6AB6-F800-4c08-8B7A-83BB121AAD01}</UniqueIdentifier>
      <Extensions>rc;ico;cur;bmp;dlg;rc2;rct;bin;rgs;gif;jpg;jpeg;jpe;resx;tiff;tif;png;wav;mfcribbon-ms</Extensions>
    </Filter>
    <Filter Include="Source Files\app">
      <UniqueIdentifier>{45a98937-78e9-4a91-bf74-1771a4fdaa42}</UniqueIdentifier>
    </Filter>
    <Filter Include="Source Files\game">
      <UniqueIdentifier>{a9311cf7-7c6e-4403-bd14-7fe5ace9ee90}</UniqueIdentifier>
    </Filter>
    <Filter Include="Header Files\app">
      <UniqueIdentifier>{ebfdc64b-360c-40f6-a8c0-15da3d577139}</UniqueIdentifier>
    </Filter>
    <Filter Include="Header Files\game">
      <UniqueIdentifier>{907ea0d5-1aa8-47a6-b0ee-e81be0f95e03}</UniqueIdentifier>
    </Filter>
    <Filter Include="Header Files\utility">
      <UniqueIdentifier>{3e7f9165-2857-4903-8baf-721ffbc61568}</UniqueIdentifier>
    </Filter>
    <Filter Include="Source Files\utility">
      <UniqueIdentifier>{14656380-3ac2-4f82-a5c7-30a1c1e7a7f9}</UniqueIdentifier>
    </Filter>
    <Filter Include="Source Files\templates">
      <UniqueIdentifier>{d02cefce-799e-4e42-b96c-351bcd48d0d7}</UniqueIdentifier>
    </Filter>
    <Filter Include="Header Files\generated">
      <UniqueIdentifier>{bcdb1192-9b44-4244-8a77-abbb1119bd41}</UniqueIdentifier>
    </Filter>
  </ItemGroup>
  <ItemGroup>
    <ClCompile Include="main.cpp">
      <Filter>Source Files</Filter>
    </ClCompile>
    <ClCompile Include="app.cpp">
      <Filter>Source Files\app</Filter>
    </ClCompile>
    <ClCompile Include="render.cpp">
      <Filter>Source Files\app</Filter>
    </ClCompile>
    <ClCompile Include="game.cpp">
      <Filter>Source Files\game</Filter>
    </ClCompile>
    <ClCompile Include="ui.cpp">
      <Filter>Source Files\game</Filter>
    </ClCompile>
    <ClCompile Include="win.cpp">
      <Filter>Source Files\utility</Filter>
    </ClCompile>
    <ClCompile Include="colors.cpp">
      <Filter>Source Files\utility</Filter>
    </ClCompile>
    <ClCompile Include="implementations.cpp">
      <Filter>Source Files\utility</Filter>
    </ClCompile>
    <ClCompile Include="math.cpp">
      <Filter>Source Files\utility</Filter>
    </ClCompile>
    <ClCompile Include="scf.cpp">
      <Filter>Source Files\utility</Filter>
    </ClCompile>
    <ClCompile Include="stringformat.cpp">
      <Filter>Source Files\utility</Filter>
    </ClCompile>
    <ClCompile Include="symbol.cpp">
      <Filter>Source Files\utility</Filter>
    </ClCompile>
    <ClCompile Include="lpp.cpp">
      <Filter>Source Files</Filter>
    </ClCompile>
    <ClCompile Include="phy.cpp">
      <Filter>Source Files\game</Filter>
    </ClCompile>
    <ClCompile Include="..\imgui\examples\imgui_impl_opengl3.cpp">
      <Filter>Source Files\app</Filter>
    </ClCompile>
    <ClCompile Include="..\imgui\examples\imgui_impl_sdl.cpp">
      <Filter>Source Files\app</Filter>
    </ClCompile>
    <ClCompile Include="assets.cpp">
      <Filter>Source Files\game</Filter>
    </ClCompile>
    <ClCompile Include="coords.cpp">
      <Filter>Source Files\utility</Filter>
    </ClCompile>
    <ClCompile Include="game_draw.cpp">
      <Filter>Source Files\game</Filter>
    </ClCompile>
    <ClCompile Include="mode_action.cpp">
      <Filter>Source Files\app</Filter>
    </ClCompile>
    <ClCompile Include="vex.cpp">
      <Filter>Source Files\utility</Filter>
    </ClCompile>
    <ClCompile Include="reflectgen.cpp">
      <Filter>Source Files</Filter>
    </ClCompile>
    <ClCompile Include="reflection.cpp">
      <Filter>Source Files\utility</Filter>
    </ClCompile>
  </ItemGroup>
  <ItemGroup>
    <ClInclude Include="app.h">
      <Filter>Header Files\app</Filter>
    </ClInclude>
    <ClInclude Include="IconsFontAwesome.h">
      <Filter>Header Files\app</Filter>
    </ClInclude>
    <ClInclude Include="render.h">
      <Filter>Header Files\app</Filter>
    </ClInclude>
    <ClInclude Include="game.h">
      <Filter>Header Files\game</Filter>
    </ClInclude>
    <ClInclude Include="scf.h">
      <Filter>Header Files\utility</Filter>
    </ClInclude>
    <ClInclude Include="win.h">
      <Filter>Header Files\utility</Filter>
    </ClInclude>
    <ClInclude Include="defs.h">
      <Filter>Header Files\utility</Filter>
    </ClInclude>
    <ClInclude Include="math.h">
      <Filter>Header Files\utility</Filter>
    </ClInclude>
    <ClInclude Include="lpp.h">
      <Filter>Header Files</Filter>
    </ClInclude>
    <ClInclude Include="phy.h">
      <Filter>Header Files\game</Filter>
    </ClInclude>
    <ClInclude Include="map.h">
      <Filter>Header Files</Filter>
    </ClInclude>
    <ClInclude Include="..\imgui\examples\imgui_impl_opengl3.h">
      <Filter>Header Files\app</Filter>
    </ClInclude>
    <ClInclude Include="..\imgui\examples\imgui_impl_sdl.h">
      <Filter>Header Files\app</Filter>
    </ClInclude>
    <ClInclude Include="assets.h">
      <Filter>Header Files\game</Filter>
    </ClInclude>
    <ClInclude Include="ui.h">
      <Filter>Header Files\game</Filter>
    </ClInclude>
    <ClInclude Include="coords.h">
      <Filter>Header Files\utility</Filter>
    </ClInclude>
    <ClInclude Include="vex.h">
      <Filter>Header Files\utility</Filter>
    </ClInclude>
    <ClInclude Include="parser.h">
      <Filter>Header Files\utility</Filter>
    </ClInclude>
    <ClInclude Include="fsys.h">
      <Filter>Header Files\utility</Filter>
    </ClInclude>
    <ClInclude Include="reflection.h">
      <Filter>Header Files\utility</Filter>
    </ClInclude>
    <ClInclude Include="reflection_gen.h">
      <Filter>Header Files\generated</Filter>
    </ClInclude>
  </ItemGroup>
  <ItemGroup>
    <None Include="uniforms.x">
      <Filter>Header Files\app</Filter>
    </None>
    <None Include="assets\fragment.glsl">
      <Filter>Resource Files</Filter>
    </None>
    <None Include="assets\vertex.glsl">
      <Filter>Resource Files</Filter>
    </None>
    <None Include="reflection_gen.h.temp">
      <Filter>Source Files\templates</Filter>
    </None>
    <None Include="reflection_gen.temp">
      <Filter>Source Files\templates</Filter>
    </None>
    <None Include="reflection_gen_file.temp">
      <Filter>Source Files\templates</Filter>
    </None>
    <None Include="reflection_gen.inl">
      <Filter>Header Files\generated</Filter>
    </None>
    <None Include="ui_reflection_gen.inl">
      <Filter>Header Files\generated</Filter>
    </None>
  </ItemGroup>
</Project>